
Microsoft Visual Studio Solution File, Format Version 12.00
# Visual Studio Version 17
VisualStudioVersion = 17.13.35818.85 d17.13
MinimumVisualStudioVersion = 10.0.40219.1
Project("{FAE04EC0-301F-11D3-BF4B-00C04F79EFBC}") = "TestTaskXmlReportApp", "TestTaskXmlReportApp\TestTaskXmlReportApp.csproj", "{ECF24428-10CB-41A1-A70F-B877374CB9D2}"
EndProject
Global
	GlobalSection(SolutionConfigurationPlatforms) = preSolution
		Debug|Any CPU = Debug|Any CPU
		Release|Any CPU = Release|Any CPU
	EndGlobalSection
	GlobalSection(ProjectConfigurationPlatforms) = postSolution
		{ECF24428-10CB-41A1-A70F-B877374CB9D2}.Debug|Any CPU.ActiveCfg = Debug|Any CPU
		{ECF24428-10CB-41A1-A70F-B877374CB9D2}.Debug|Any CPU.Build.0 = Debug|Any CPU
		{ECF24428-10CB-41A1-A70F-B877374CB9D2}.Release|Any CPU.ActiveCfg = Release|Any CPU
		{ECF24428-10CB-41A1-A70F-B877374CB9D2}.Release|Any CPU.Build.0 = Release|Any CPU
	EndGlobalSection
	GlobalSection(SolutionProperties) = preSolution
		HideSolutionNode = FALSE
	EndGlobalSection
	GlobalSection(ExtensibilityGlobals) = postSolution
		SolutionGuid = {416088E4-4DCF-459E-82FC-0DCFA105796A}
	EndGlobalSection
EndGlobal
